
Microsoft Visual Studio Solution File, Format Version 12.00
# Visual Studio Version 17
VisualStudioVersion = 17.7.34221.43
MinimumVisualStudioVersion = 10.0.40219.1
Project("{FAE04EC0-301F-11D3-BF4B-00C04F79EFBC}") = "Строительный калькулятор", "WpfApp1\Строительный калькулятор.csproj", "{3BDCE506-29F8-42E6-8C41-9C6C811CE506}"
EndProject
Global
	GlobalSection(SolutionConfigurationPlatforms) = preSolution
		Debug|Any CPU = Debug|Any CPU
		Release|Any CPU = Release|Any CPU
	EndGlobalSection
	GlobalSection(ProjectConfigurationPlatforms) = postSolution
		{3BDCE506-29F8-42E6-8C41-9C6C811CE506}.Debug|Any CPU.ActiveCfg = Debug|Any CPU
		{3BDCE506-29F8-42E6-8C41-9C6C811CE506}.Debug|Any CPU.Build.0 = Debug|Any CPU
		{3BDCE506-29F8-42E6-8C41-9C6C811CE506}.Release|Any CPU.ActiveCfg = Release|Any CPU
		{3BDCE506-29F8-42E6-8C41-9C6C811CE506}.Release|Any CPU.Build.0 = Release|Any CPU
	EndGlobalSection
	GlobalSection(SolutionProperties) = preSolution
		HideSolutionNode = FALSE
	EndGlobalSection
	GlobalSection(ExtensibilityGlobals) = postSolution
		SolutionGuid = {5EEE469E-536D-4EB3-A7AB-4186983D5D82}
	EndGlobalSection
EndGlobal
